// !$*UTF8*$!
{
	archiveVersion = 1;
	classes = {
	};
	objectVersion = 55;
	objects = {

/* Begin PBXBuildFile section */
		18449641294A50D600562209 /* ProductRow.swift in Sources */ = {isa = PBXBuildFile; fileRef = 18449640294A50D600562209 /* ProductRow.swift */; };
		1846AE2B294A3D7B00AC2EFE /* ShopApp.swift in Sources */ = {isa = PBXBuildFile; fileRef = 1846AE2A294A3D7B00AC2EFE /* ShopApp.swift */; };
		1846AE2D294A3D7B00AC2EFE /* ContentView.swift in Sources */ = {isa = PBXBuildFile; fileRef = 1846AE2C294A3D7B00AC2EFE /* ContentView.swift */; };
		1846AE2F294A3D7E00AC2EFE /* Assets.xcassets in Resources */ = {isa = PBXBuildFile; fileRef = 1846AE2E294A3D7E00AC2EFE /* Assets.xcassets */; };
		1846AE32294A3D7E00AC2EFE /* Preview Assets.xcassets in Resources */ = {isa = PBXBuildFile; fileRef = 1846AE31294A3D7E00AC2EFE /* Preview Assets.xcassets */; };
		1846AE3C294A3DF500AC2EFE /* Product.swift in Sources */ = {isa = PBXBuildFile; fileRef = 1846AE3B294A3DF500AC2EFE /* Product.swift */; };
		1846AE3E294A3E8800AC2EFE /* ProductCard.swift in Sources */ = {isa = PBXBuildFile; fileRef = 1846AE3D294A3E8800AC2EFE /* ProductCard.swift */; };
		1846AE42294A451100AC2EFE /*  CartButton.swift in Sources */ = {isa = PBXBuildFile; fileRef = 1846AE41294A451100AC2EFE /*  CartButton.swift */; };
		1846AE44294A462200AC2EFE /* CartView.swift in Sources */ = {isa = PBXBuildFile; fileRef = 1846AE43294A462200AC2EFE /* CartView.swift */; };
		1846AE46294A467C00AC2EFE /* CartManager.swift in Sources */ = {isa = PBXBuildFile; fileRef = 1846AE45294A467C00AC2EFE /* CartManager.swift */; };
/* End PBXBuildFile section */

/* Begin PBXFileReference section */
		18449640294A50D600562209 /* ProductRow.swift */ = {isa = PBXFileReference; lastKnownFileType = sourcecode.swift; path = ProductRow.swift; sourceTree = "<group>"; };
		1846AE27294A3D7B00AC2EFE /* Shop.app */ = {isa = PBXFileReference; explicitFileType = wrapper.application; includeInIndex = 0; path = Shop.app; sourceTree = BUILT_PRODUCTS_DIR; };
		1846AE2A294A3D7B00AC2EFE /* ShopApp.swift */ = {isa = PBXFileReference; lastKnownFileType = sourcecode.swift; path = ShopApp.swift; sourceTree = "<group>"; };
		1846AE2C294A3D7B00AC2EFE /* ContentView.swift */ = {isa = PBXFileReference; lastKnownFileType = sourcecode.swift; path = ContentView.swift; sourceTree = "<group>"; };
		1846AE2E294A3D7E00AC2EFE /* Assets.xcassets */ = {isa = PBXFileReference; lastKnownFileType = folder.assetcatalog; path = Assets.xcassets; sourceTree = "<group>"; };
		1846AE31294A3D7E00AC2EFE /* Preview Assets.xcassets */ = {isa = PBXFileReference; lastKnownFileType = folder.assetcatalog; path = "Preview Assets.xcassets"; sourceTree = "<group>"; };
		1846AE3B294A3DF500AC2EFE /* Product.swift */ = {isa = PBXFileReference; lastKnownFileType = sourcecode.swift; path = Product.swift; sourceTree = "<group>"; };
		1846AE3D294A3E8800AC2EFE /* ProductCard.swift */ = {isa = PBXFileReference; lastKnownFileType = sourcecode.swift; path = ProductCard.swift; sourceTree = "<group>"; };
		1846AE41294A451100AC2EFE /*  CartButton.swift */ = {isa = PBXFileReference; lastKnownFileType = sourcecode.swift; path = " CartButton.swift"; sourceTree = "<group>"; };
		1846AE43294A462200AC2EFE /* CartView.swift */ = {isa = PBXFileReference; lastKnownFileType = sourcecode.swift; path = CartView.swift; sourceTree = "<group>"; };
		1846AE45294A467C00AC2EFE /* CartManager.swift */ = {isa = PBXFileReference; lastKnownFileType = sourcecode.swift; path = CartManager.swift; sourceTree = "<group>"; wrapsLines = 0; };
/* End PBXFileReference section */

/* Begin PBXFrameworksBuildPhase section */
		1846AE24294A3D7B00AC2EFE /* Frameworks */ = {
			isa = PBXFrameworksBuildPhase;
			buildActionMask = 2147483647;
			files = (
			);
			runOnlyForDeploymentPostprocessing = 0;
		};
/* End PBXFrameworksBuildPhase section */

/* Begin PBXGroup section */
		1846AE1E294A3D7B00AC2EFE = {
			isa = PBXGroup;
			children = (
				1846AE29294A3D7B00AC2EFE /* Shop */,
				1846AE28294A3D7B00AC2EFE /* Products */,
			);
			sourceTree = "<group>";
		};
		1846AE28294A3D7B00AC2EFE /* Products */ = {
			isa = PBXGroup;
			children = (
				1846AE27294A3D7B00AC2EFE /* Shop.app */,
			);
			name = Products;
			sourceTree = "<group>";
		};
		1846AE29294A3D7B00AC2EFE /* Shop */ = {
			isa = PBXGroup;
			children = (
				1846AE3A294A3D9E00AC2EFE /* Components */,
				1846AE39294A3D9200AC2EFE /* Models */,
				1846AE38294A3D8700AC2EFE /* Views */,
				1846AE2A294A3D7B00AC2EFE /* ShopApp.swift */,
				1846AE2C294A3D7B00AC2EFE /* ContentView.swift */,
				1846AE2E294A3D7E00AC2EFE /* Assets.xcassets */,
				1846AE30294A3D7E00AC2EFE /* Preview Content */,
			);
			path = Shop;
			sourceTree = "<group>";
		};
		1846AE30294A3D7E00AC2EFE /* Preview Content */ = {
			isa = PBXGroup;
			children = (
				1846AE31294A3D7E00AC2EFE /* Preview Assets.xcassets */,
			);
			path = "Preview Content";
			sourceTree = "<group>";
		};
		1846AE38294A3D8700AC2EFE /* Views */ = {
			isa = PBXGroup;
			children = (
				1846AE3D294A3E8800AC2EFE /* ProductCard.swift */,
				1846AE43294A462200AC2EFE /* CartView.swift */,
			);
			path = Views;
			sourceTree = "<group>";
		};
		1846AE39294A3D9200AC2EFE /* Models */ = {
			isa = PBXGroup;
			children = (
				1846AE3B294A3DF500AC2EFE /* Product.swift */,
				1846AE45294A467C00AC2EFE /* CartManager.swift */,
			);
			path = Models;
			sourceTree = "<group>";
		};
		1846AE3A294A3D9E00AC2EFE /* Components */ = {
			isa = PBXGroup;
			children = (
				1846AE41294A451100AC2EFE /*  CartButton.swift */,
				18449640294A50D600562209 /* ProductRow.swift */,
			);
			path = Components;
			sourceTree = "<group>";
		};
/* End PBXGroup section */

/* Begin PBXNativeTarget section */
		1846AE26294A3D7B00AC2EFE /* Shop */ = {
			isa = PBXNativeTarget;
			buildConfigurationList = 1846AE35294A3D7E00AC2EFE /* Build configuration list for PBXNativeTarget "Shop" */;
			buildPhases = (
				1846AE23294A3D7B00AC2EFE /* Sources */,
				1846AE24294A3D7B00AC2EFE /* Frameworks */,
				1846AE25294A3D7B00AC2EFE /* Resources */,
			);
			buildRules = (
			);
			dependencies = (
			);
			name = Shop;
			productName = Shop;
			productReference = 1846AE27294A3D7B00AC2EFE /* Shop.app */;
			productType = "com.apple.product-type.application";
		};
/* End PBXNativeTarget section */

/* Begin PBXProject section */
		1846AE1F294A3D7B00AC2EFE /* Project object */ = {
			isa = PBXProject;
			attributes = {
				BuildIndependentTargetsInParallel = 1;
				LastSwiftUpdateCheck = 1340;
				LastUpgradeCheck = 1340;
				TargetAttributes = {
					1846AE26294A3D7B00AC2EFE = {
						CreatedOnToolsVersion = 13.4.1;
					};
				};
			};
			buildConfigurationList = 1846AE22294A3D7B00AC2EFE /* Build configuration list for PBXProject "Shop" */;
			compatibilityVersion = "Xcode 13.0";
			developmentRegion = en;
			hasScannedForEncodings = 0;
			knownRegions = (
				en,
				Base,
			);
			mainGroup = 1846AE1E294A3D7B00AC2EFE;
			productRefGroup = 1846AE28294A3D7B00AC2EFE /* Products */;
			projectDirPath = "";
			projectRoot = "";
			targets = (
				1846AE26294A3D7B00AC2EFE /* Shop */,
			);
		};
/* End PBXProject section */

/* Begin PBXResourcesBuildPhase section */
		1846AE25294A3D7B00AC2EFE /* Resources */ = {
			isa = PBXResourcesBuildPhase;
			buildActionMask = 2147483647;
			files = (
				1846AE32294A3D7E00AC2EFE /* Preview Assets.xcassets in Resources */,
				1846AE2F294A3D7E00AC2EFE /* Assets.xcassets in Resources */,
			);
			runOnlyForDeploymentPostprocessing = 0;
		};
/* End PBXResourcesBuildPhase section */

/* Begin PBXSourcesBuildPhase section */
		1846AE23294A3D7B00AC2EFE /* Sources */ = {
			isa = PBXSourcesBuildPhase;
			buildActionMask = 2147483647;
			files = (
				1846AE44294A462200AC2EFE /* CartView.swift in Sources */,
				1846AE42294A451100AC2EFE /*  CartButton.swift in Sources */,
				1846AE46294A467C00AC2EFE /* CartManager.swift in Sources */,
				1846AE2D294A3D7B00AC2EFE /* ContentView.swift in Sources */,
				18449641294A50D600562209 /* ProductRow.swift in Sources */,
				1846AE2B294A3D7B00AC2EFE /* ShopApp.swift in Sources */,
				1846AE3C294A3DF500AC2EFE /* Product.swift in Sources */,
				1846AE3E294A3E8800AC2EFE /* ProductCard.swift in Sources */,
			);
			runOnlyForDeploymentPostprocessing = 0;
		};
/* End PBXSourcesBuildPhase section */

/* Begin XCBuildConfiguration section */
		1846AE33294A3D7E00AC2EFE /* Debug */ = {
			isa = XCBuildConfiguration;
			buildSettings = {
				ALWAYS_SEARCH_USER_PATHS = NO;
				CLANG_ANALYZER_NONNULL = YES;
				CLANG_ANALYZER_NUMBER_OBJECT_CONVERSION = YES_AGGRESSIVE;
				CLANG_CXX_LANGUAGE_STANDARD = "gnu++17";
				CLANG_ENABLE_MODULES = YES;
				CLANG_ENABLE_OBJC_ARC = YES;
				CLANG_ENABLE_OBJC_WEAK = YES;
				CLANG_WARN_BLOCK_CAPTURE_AUTORELEASING = YES;
				CLANG_WARN_BOOL_CONVERSION = YES;
				CLANG_WARN_COMMA = YES;
				CLANG_WARN_CONSTANT_CONVERSION = YES;
				CLANG_WARN_DEPRECATED_OBJC_IMPLEMENTATIONS = YES;
				CLANG_WARN_DIRECT_OBJC_ISA_USAGE = YES_ERROR;
				CLANG_WARN_DOCUMENTATION_COMMENTS = YES;
				CLANG_WARN_EMPTY_BODY = YES;
				CLANG_WARN_ENUM_CONVERSION = YES;
				CLANG_WARN_INFINITE_RECURSION = YES;
				CLANG_WARN_INT_CONVERSION = YES;
				CLANG_WARN_NON_LITERAL_NULL_CONVERSION = YES;
				CLANG_WARN_OBJC_IMPLICIT_RETAIN_SELF = YES;
				CLANG_WARN_OBJC_LITERAL_CONVERSION = YES;
				CLANG_WARN_OBJC_ROOT_CLASS = YES_ERROR;
				CLANG_WARN_QUOTED_INCLUDE_IN_FRAMEWORK_HEADER = YES;
				CLANG_WARN_RANGE_LOOP_ANALYSIS = YES;
				CLANG_WARN_STRICT_PROTOTYPES = YES;
				CLANG_WARN_SUSPICIOUS_MOVE = YES;
				CLANG_WARN_UNGUARDED_AVAILABILITY = YES_AGGRESSIVE;
				CLANG_WARN_UNREACHABLE_CODE = YES;
				CLANG_WARN__DUPLICATE_METHOD_MATCH = YES;
				COPY_PHASE_STRIP = NO;
				DEBUG_INFORMATION_FORMAT = dwarf;
				ENABLE_STRICT_OBJC_MSGSEND = YES;
				ENABLE_TESTABILITY = YES;
				GCC_C_LANGUAGE_STANDARD = gnu11;
				GCC_DYNAMIC_NO_PIC = NO;
				GCC_NO_COMMON_BLOCKS = YES;
				GCC_OPTIMIZATION_LEVEL = 0;
				GCC_PREPROCESSOR_DEFINITIONS = (
					"DEBUG=1",
					"$(inherited)",
				);
				GCC_WARN_64_TO_32_BIT_CONVERSION = YES;
				GCC_WARN_ABOUT_RETURN_TYPE = YES_ERROR;
				GCC_WARN_UNDECLARED_SELECTOR = YES;
				GCC_WARN_UNINITIALIZED_AUTOS = YES_AGGRESSIVE;
				GCC_WARN_UNUSED_FUNCTION = YES;
				GCC_WARN_UNUSED_VARIABLE = YES;
				IPHONEOS_DEPLOYMENT_TARGET = 15.5;
				MTL_ENABLE_DEBUG_INFO = INCLUDE_SOURCE;
				MTL_FAST_MATH = YES;
				ONLY_ACTIVE_ARCH = YES;
				SDKROOT = iphoneos;
				SWIFT_ACTIVE_COMPILATION_CONDITIONS = DEBUG;
				SWIFT_OPTIMIZATION_LEVEL = "-Onone";
			};
			name = Debug;
		};
		1846AE34294A3D7E00AC2EFE /* Release */ = {
			isa = XCBuildConfiguration;
			buildSettings = {
				ALWAYS_SEARCH_USER_PATHS = NO;
				CLANG_ANALYZER_NONNULL = YES;
				CLANG_ANALYZER_NUMBER_OBJECT_CONVERSION = YES_AGGRESSIVE;
				CLANG_CXX_LANGUAGE_STANDARD = "gnu++17";
				CLANG_ENABLE_MODULES = YES;
				CLANG_ENABLE_OBJC_ARC = YES;
				CLANG_ENABLE_OBJC_WEAK = YES;
				CLANG_WARN_BLOCK_CAPTURE_AUTORELEASING = YES;
				CLANG_WARN_BOOL_CONVERSION = YES;
				CLANG_WARN_COMMA = YES;
				CLANG_WARN_CONSTANT_CONVERSION = YES;
				CLANG_WARN_DEPRECATED_OBJC_IMPLEMENTATIONS = YES;
				CLANG_WARN_DIRECT_OBJC_ISA_USAGE = YES_ERROR;
				CLANG_WARN_DOCUMENTATION_COMMENTS = YES;
				CLANG_WARN_EMPTY_BODY = YES;
				CLANG_WARN_ENUM_CONVERSION = YES;
				CLANG_WARN_INFINITE_RECURSION = YES;
				CLANG_WARN_INT_CONVERSION = YES;
				CLANG_WARN_NON_LITERAL_NULL_CONVERSION = YES;
				CLANG_WARN_OBJC_IMPLICIT_RETAIN_SELF = YES;
				CLANG_WARN_OBJC_LITERAL_CONVERSION = YES;
				CLANG_WARN_OBJC_ROOT_CLASS = YES_ERROR;
				CLANG_WARN_QUOTED_INCLUDE_IN_FRAMEWORK_HEADER = YES;
				CLANG_WARN_RANGE_LOOP_ANALYSIS = YES;
				CLANG_WARN_STRICT_PROTOTYPES = YES;
				CLANG_WARN_SUSPICIOUS_MOVE = YES;
				CLANG_WARN_UNGUARDED_AVAILABILITY = YES_AGGRESSIVE;
				CLANG_WARN_UNREACHABLE_CODE = YES;
				CLANG_WARN__DUPLICATE_METHOD_MATCH = YES;
				COPY_PHASE_STRIP = NO;
				DEBUG_INFORMATION_FORMAT = "dwarf-with-dsym";
				ENABLE_NS_ASSERTIONS = NO;
				ENABLE_STRICT_OBJC_MSGSEND = YES;
				GCC_C_LANGUAGE_STANDARD = gnu11;
				GCC_NO_COMMON_BLOCKS = YES;
				GCC_WARN_64_TO_32_BIT_CONVERSION = YES;
				GCC_WARN_ABOUT_RETURN_TYPE = YES_ERROR;
				GCC_WARN_UNDECLARED_SELECTOR = YES;
				GCC_WARN_UNINITIALIZED_AUTOS = YES_AGGRESSIVE;
				GCC_WARN_UNUSED_FUNCTION = YES;
				GCC_WARN_UNUSED_VARIABLE = YES;
				IPHONEOS_DEPLOYMENT_TARGET = 15.5;
				MTL_ENABLE_DEBUG_INFO = NO;
				MTL_FAST_MATH = YES;
				SDKROOT = iphoneos;
				SWIFT_COMPILATION_MODE = wholemodule;
				SWIFT_OPTIMIZATION_LEVEL = "-O";
				VALIDATE_PRODUCT = YES;
			};
			name = Release;
		};
		1846AE36294A3D7E00AC2EFE /* Debug */ = {
			isa = XCBuildConfiguration;
			buildSettings = {
				ASSETCATALOG_COMPILER_APPICON_NAME = AppIcon;
				ASSETCATALOG_COMPILER_GLOBAL_ACCENT_COLOR_NAME = AccentColor;
				CODE_SIGN_STYLE = Automatic;
				CURRENT_PROJECT_VERSION = 1;
				DEVELOPMENT_ASSET_PATHS = "\"Shop/Preview Content\"";
				ENABLE_PREVIEWS = YES;
				GENERATE_INFOPLIST_FILE = YES;
				INFOPLIST_KEY_UIApplicationSceneManifest_Generation = YES;
				INFOPLIST_KEY_UIApplicationSupportsIndirectInputEvents = YES;
				INFOPLIST_KEY_UILaunchScreen_Generation = YES;
				INFOPLIST_KEY_UISupportedInterfaceOrientations_iPad = "UIInterfaceOrientationPortrait UIInterfaceOrientationPortraitUpsideDown UIInterfaceOrientationLandscapeLeft UIInterfaceOrientationLandscapeRight";
				INFOPLIST_KEY_UISupportedInterfaceOrientations_iPhone = "UIInterfaceOrientationPortrait UIInterfaceOrientationLandscapeLeft UIInterfaceOrientationLandscapeRight";
				LD_RUNPATH_SEARCH_PATHS = (
					"$(inherited)",
					"@executable_path/Frameworks",
				);
				MARKETING_VERSION = 1.0;
				PRODUCT_BUNDLE_IDENTIFIER = jj.Shop;
				PRODUCT_NAME = "$(TARGET_NAME)";
				SWIFT_EMIT_LOC_STRINGS = YES;
				SWIFT_VERSION = 5.0;
				TARGETED_DEVICE_FAMILY = "1,2";
			};
			name = Debug;
		};
		1846AE37294A3D7E00AC2EFE /* Release */ = {
			isa = XCBuildConfiguration;
			buildSettings = {
				ASSETCATALOG_COMPILER_APPICON_NAME = AppIcon;
				ASSETCATALOG_COMPILER_GLOBAL_ACCENT_COLOR_NAME = AccentColor;
				CODE_SIGN_STYLE = Automatic;
				CURRENT_PROJECT_VERSION = 1;
				DEVELOPMENT_ASSET_PATHS = "\"Shop/Preview Content\"";
				ENABLE_PREVIEWS = YES;
				GENERATE_INFOPLIST_FILE = YES;
				INFOPLIST_KEY_UIApplicationSceneManifest_Generation = YES;
				INFOPLIST_KEY_UIApplicationSupportsIndirectInputEvents = YES;
				INFOPLIST_KEY_UILaunchScreen_Generation = YES;
				INFOPLIST_KEY_UISupportedInterfaceOrientations_iPad = "UIInterfaceOrientationPortrait UIInterfaceOrientationPortraitUpsideDown UIInterfaceOrientationLandscapeLeft UIInterfaceOrientationLandscapeRight";
				INFOPLIST_KEY_UISupportedInterfaceOrientations_iPhone = "UIInterfaceOrientationPortrait UIInterfaceOrientationLandscapeLeft UIInterfaceOrientationLandscapeRight";
				LD_RUNPATH_SEARCH_PATHS = (
					"$(inherited)",
					"@executable_path/Frameworks",
				);
				MARKETING_VERSION = 1.0;
				PRODUCT_BUNDLE_IDENTIFIER = jj.Shop;
				PRODUCT_NAME = "$(TARGET_NAME)";
				SWIFT_EMIT_LOC_STRINGS = YES;
				SWIFT_VERSION = 5.0;
				TARGETED_DEVICE_FAMILY = "1,2";
			};
			name = Release;
		};
/* End XCBuildConfiguration section */

/* Begin XCConfigurationList section */
		1846AE22294A3D7B00AC2EFE /* Build configuration list for PBXProject "Shop" */ = {
			isa = XCConfigurationList;
			buildConfigurations = (
				1846AE33294A3D7E00AC2EFE /* Debug */,
				1846AE34294A3D7E00AC2EFE /* Release */,
			);
			defaultConfigurationIsVisible = 0;
			defaultConfigurationName = Release;
		};
		1846AE35294A3D7E00AC2EFE /* Build configuration list for PBXNativeTarget "Shop" */ = {
			isa = XCConfigurationList;
			buildConfigurations = (
				1846AE36294A3D7E00AC2EFE /* Debug */,
				1846AE37294A3D7E00AC2EFE /* Release */,
			);
			defaultConfigurationIsVisible = 0;
			defaultConfigurationName = Release;
		};
/* End XCConfigurationList section */
	};
	rootObject = 1846AE1F294A3D7B00AC2EFE /* Project object */;
}
